# THIS IS AN AUTOGENERATED FILE. DO NOT EDIT THIS FILE DIRECTLY.
# yarn lockfile v1


"@ethersproject/abi@5.1.0", "@ethersproject/abi@^5.1.0":
  version "5.1.0"
  resolved "https://registry.yarnpkg.com/@ethersproject/abi/-/abi-5.1.0.tgz#d582c9f6a8e8192778b5f2c991ce19d7b336b0c5"
  integrity sha512-N/W9Sbn1/C6Kh2kuHRjf/hX6euMK4+9zdJRBB8sDWmihVntjUAfxbusGZKzDQD8i3szAHhTz8K7XADV5iFNfJw==
  dependencies:
    "@ethersproject/address" "^5.1.0"
    "@ethersproject/bignumber" "^5.1.0"
    "@ethersproject/bytes" "^5.1.0"
    "@ethersproject/constants" "^5.1.0"
    "@ethersproject/hash" "^5.1.0"
    "@ethersproject/keccak256" "^5.1.0"
    "@ethersproject/logger" "^5.1.0"
    "@ethersproject/properties" "^5.1.0"
    "@ethersproject/strings" "^5.1.0"

"@ethersproject/abstract-provider@5.1.0", "@ethersproject/abstract-provider@^5.1.0":
  version "5.1.0"
  resolved "https://registry.yarnpkg.com/@ethersproject/abstract-provider/-/abstract-provider-5.1.0.tgz#1f24c56cda5524ef4ed3cfc562a01d6b6f8eeb0b"
  integrity sha512-8dJUnT8VNvPwWhYIau4dwp7qe1g+KgdRm4XTWvjkI9gAT2zZa90WF5ApdZ3vl1r6NDmnn6vUVvyphClRZRteTQ==
  dependencies:
    "@ethersproject/bignumber" "^5.1.0"
    "@ethersproject/bytes" "^5.1.0"
    "@ethersproject/logger" "^5.1.0"
    "@ethersproject/networks" "^5.1.0"
    "@ethersproject/properties" "^5.1.0"
    "@ethersproject/transactions" "^5.1.0"
    "@ethersproject/web" "^5.1.0"

"@ethersproject/abstract-signer@5.1.0", "@ethersproject/abstract-signer@^5.1.0":
  version "5.1.0"
  resolved "https://registry.yarnpkg.com/@ethersproject/abstract-signer/-/abstract-signer-5.1.0.tgz#744c7a2d0ebe3cc0bc38294d0f53d5ca3f4e49e3"
  integrity sha512-qQDMkjGZSSJSKl6AnfTgmz9FSnzq3iEoEbHTYwjDlEAv+LNP7zd4ixCcVWlWyk+2siud856M5CRhAmPdupeN9w==
  dependencies:
    "@ethersproject/abstract-provider" "^5.1.0"
    "@ethersproject/bignumber" "^5.1.0"
    "@ethersproject/bytes" "^5.1.0"
    "@ethersproject/logger" "^5.1.0"
    "@ethersproject/properties" "^5.1.0"

"@ethersproject/address@5.1.0", "@ethersproject/address@^5.1.0":
  version "5.1.0"
  resolved "https://registry.yarnpkg.com/@ethersproject/address/-/address-5.1.0.tgz#3854fd7ebcb6af7597de66f847c3345dae735b58"
  integrity sha512-rfWQR12eHn2cpstCFS4RF7oGjfbkZb0oqep+BfrT+gWEGWG2IowJvIsacPOvzyS1jhNF4MQ4BS59B04Mbovteg==
  dependencies:
    "@ethersproject/bignumber" "^5.1.0"
    "@ethersproject/bytes" "^5.1.0"
    "@ethersproject/keccak256" "^5.1.0"
    "@ethersproject/logger" "^5.1.0"
    "@ethersproject/rlp" "^5.1.0"

"@ethersproject/base64@5.1.0", "@ethersproject/base64@^5.1.0":
  version "5.1.0"
  resolved "https://registry.yarnpkg.com/@ethersproject/base64/-/base64-5.1.0.tgz#27240c174d0a4e13f6eae87416fd876caf7f42b6"
  integrity sha512-npD1bLvK4Bcxz+m4EMkx+F8Rd7CnqS9DYnhNu0/GlQBXhWjvfoAZzk5HJ0f1qeyp8d+A86PTuzLOGOXf4/CN8g==
  dependencies:
    "@ethersproject/bytes" "^5.1.0"

"@ethersproject/basex@5.1.0", "@ethersproject/basex@^5.1.0":
  version "5.1.0"
  resolved "https://registry.yarnpkg.com/@ethersproject/basex/-/basex-5.1.0.tgz#80da2e86f9da0cb5ccd446b337364d791f6a131c"
  integrity sha512-vBKr39bum7DDbOvkr1Sj19bRMEPA4FnST6Utt6xhDzI7o7L6QNkDn2yrCfP+hnvJGhZFKtLygWwqlTBZoBXYLg==
  dependencies:
    "@ethersproject/bytes" "^5.1.0"
    "@ethersproject/properties" "^5.1.0"

"@ethersproject/bignumber@5.1.0", "@ethersproject/bignumber@^5.1.0":
  version "5.1.0"
  resolved "https://registry.yarnpkg.com/@ethersproject/bignumber/-/bignumber-5.1.0.tgz#966a013a5d871fc03fc67bf33cd8aadae627f0fd"
  integrity sha512-wUvQlhTjPjFXIdLPOuTrFeQmSa6Wvls1bGXQNQWvB/SEn1NsTCE8PmumIEZxmOPjSHl1eV2uyHP5jBm5Cgj92Q==
  dependencies:
    "@ethersproject/bytes" "^5.1.0"
    "@ethersproject/logger" "^5.1.0"
    bn.js "^4.4.0"

"@ethersproject/bytes@5.1.0", "@ethersproject/bytes@^5.1.0":
  version "5.1.0"
  resolved "https://registry.yarnpkg.com/@ethersproject/bytes/-/bytes-5.1.0.tgz#55dfa9c4c21df1b1b538be3accb50fb76d5facfd"
  integrity sha512-sGTxb+LVjFxJcJeUswAIK6ncgOrh3D8c192iEJd7mLr95V6du119rRfYT/b87WPkZ5I3gRBUYIYXtdgCWACe8g==
  dependencies:
    "@ethersproject/logger" "^5.1.0"

"@ethersproject/constants@5.1.0", "@ethersproject/constants@^5.1.0":
  version "5.1.0"
  resolved "https://registry.yarnpkg.com/@ethersproject/constants/-/constants-5.1.0.tgz#4e7da6367ea0e9be87585d8b09f3fccf384b1452"
  integrity sha512-0/SuHrxc8R8k+JiLmJymxHJbojUDWBQqO+b+XFdwaP0jGzqC09YDy/CAlSZB6qHsBifY8X3I89HcK/oMqxRdBw==
  dependencies:
    "@ethersproject/bignumber" "^5.1.0"

"@ethersproject/contracts@5.1.0":
  version "5.1.0"
  resolved "https://registry.yarnpkg.com/@ethersproject/contracts/-/contracts-5.1.0.tgz#f7c3451f1af77e029005733ccab3419d07d23f6b"
  integrity sha512-dvTMs/4XGSc57cYOW0KjgX1NdTujUu7mNb6PQdJWg08m9ULzPyGZuBkFJnijBcp6vTOCQ59RwjboWgNWw393og==
  dependencies:
    "@ethersproject/abi" "^5.1.0"
    "@ethersproject/abstract-provider" "^5.1.0"
    "@ethersproject/abstract-signer" "^5.1.0"
    "@ethersproject/address" "^5.1.0"
    "@ethersproject/bignumber" "^5.1.0"
    "@ethersproject/bytes" "^5.1.0"
    "@ethersproject/constants" "^5.1.0"
    "@ethersproject/logger" "^5.1.0"
    "@ethersproject/properties" "^5.1.0"
    "@ethersproject/transactions" "^5.1.0"

"@ethersproject/hash@5.1.0", "@ethersproject/hash@^5.1.0":
  version "5.1.0"
  resolved "https://registry.yarnpkg.com/@ethersproject/hash/-/hash-5.1.0.tgz#40961d64837d57f580b7b055e0d74174876d891e"
  integrity sha512-fNwry20yLLPpnRRwm3fBL+2ksgO+KMadxM44WJmRIoTKzy4269+rbq9KFoe2LTqq2CXJM2CE70beGaNrpuqflQ==
  dependencies:
    "@ethersproject/abstract-signer" "^5.1.0"
    "@ethersproject/address" "^5.1.0"
    "@ethersproject/bignumber" "^5.1.0"
    "@ethersproject/bytes" "^5.1.0"
    "@ethersproject/keccak256" "^5.1.0"
    "@ethersproject/logger" "^5.1.0"
    "@ethersproject/properties" "^5.1.0"
    "@ethersproject/strings" "^5.1.0"

"@ethersproject/hdnode@5.1.0", "@ethersproject/hdnode@^5.1.0":
  version "5.1.0"
  resolved "https://registry.yarnpkg.com/@ethersproject/hdnode/-/hdnode-5.1.0.tgz#2bf5c4048935136ce83e9242e1bd570afcc0bc83"
  integrity sha512-obIWdlujloExPHWJGmhJO/sETOOo7SEb6qemV4f8kyFoXg+cJK+Ta9SvBrj7hsUK85n3LZeZJZRjjM7oez3Clg==
  dependencies:
    "@ethersproject/abstract-signer" "^5.1.0"
    "@ethersproject/basex" "^5.1.0"
    "@ethersproject/bignumber" "^5.1.0"
    "@ethersproject/bytes" "^5.1.0"
    "@ethersproject/logger" "^5.1.0"
    "@ethersproject/pbkdf2" "^5.1.0"
    "@ethersproject/properties" "^5.1.0"
    "@ethersproject/sha2" "^5.1.0"
    "@ethersproject/signing-key" "^5.1.0"
    "@ethersproject/strings" "^5.1.0"
    "@ethersproject/transactions" "^5.1.0"
    "@ethersproject/wordlists" "^5.1.0"

"@ethersproject/json-wallets@5.1.0", "@ethersproject/json-wallets@^5.1.0":
  version "5.1.0"
  resolved "https://registry.yarnpkg.com/@ethersproject/json-wallets/-/json-wallets-5.1.0.tgz#bba7af2e520e8aea4d3829d80520db5d2e4fb8d2"
  integrity sha512-00n2iBy27w8zrGZSiU762UOVuzCQZxUZxopsZC47++js6xUFuI74DHcJ5K/2pddlF1YBskvmMuboEu1geK8mnA==
  dependencies:
    "@ethersproject/abstract-signer" "^5.1.0"
    "@ethersproject/address" "^5.1.0"
    "@ethersproject/bytes" "^5.1.0"
    "@ethersproject/hdnode" "^5.1.0"
    "@ethersproject/keccak256" "^5.1.0"
    "@ethersproject/logger" "^5.1.0"
    "@ethersproject/pbkdf2" "^5.1.0"
    "@ethersproject/properties" "^5.1.0"
    "@ethersproject/random" "^5.1.0"
    "@ethersproject/strings" "^5.1.0"
    "@ethersproject/transactions" "^5.1.0"
    aes-js "3.0.0"
    scrypt-js "3.0.1"

"@ethersproject/keccak256@5.1.0", "@ethersproject/keccak256@^5.1.0":
  version "5.1.0"
  resolved "https://registry.yarnpkg.com/@ethersproject/keccak256/-/keccak256-5.1.0.tgz#fdcd88fb13bfef4271b225cdd8dec4d315c8e60e"
  integrity sha512-vrTB1W6AEYoadww5c9UyVJ2YcSiyIUTNDRccZIgwTmFFoSHwBtcvG1hqy9RzJ1T0bMdATbM9Hfx2mJ6H0i7Hig==
  dependencies:
    "@ethersproject/bytes" "^5.1.0"
    js-sha3 "0.5.7"

"@ethersproject/logger@5.1.0", "@ethersproject/logger@^5.1.0":
  version "5.1.0"
  resolved "https://registry.yarnpkg.com/@ethersproject/logger/-/logger-5.1.0.tgz#4cdeeefac029373349d5818f39c31b82cc6d9bbf"
  integrity sha512-wtUaD1lBX10HBXjjKV9VHCBnTdUaKQnQ2XSET1ezglqLdPdllNOIlLfhyCRqXm5xwcjExVI5ETokOYfjPtaAlw==

"@ethersproject/networks@5.1.0", "@ethersproject/networks@^5.1.0":
  version "5.1.0"
  resolved "https://registry.yarnpkg.com/@ethersproject/networks/-/networks-5.1.0.tgz#f537290cb05aa6dc5e81e910926c04cfd5814bca"
  integrity sha512-A/NIrIED/G/IgU1XUukOA3WcFRxn2I4O5GxsYGA5nFlIi+UZWdGojs85I1VXkR1gX9eFnDXzjE6OtbgZHjFhIA==
  dependencies:
    "@ethersproject/logger" "^5.1.0"

"@ethersproject/pbkdf2@5.1.0", "@ethersproject/pbkdf2@^5.1.0":
  version "5.1.0"
  resolved "https://registry.yarnpkg.com/@ethersproject/pbkdf2/-/pbkdf2-5.1.0.tgz#6b740a85dc780e879338af74856ca2c0d3b24d19"
  integrity sha512-B8cUbHHTgs8OtgJIafrRcz/YPDobVd5Ru8gTnShOiM9EBuFpYHQpq3+8iQJ6pyczDu6HP/oc/njAsIBhwFZYew==
  dependencies:
    "@ethersproject/bytes" "^5.1.0"
    "@ethersproject/sha2" "^5.1.0"

"@ethersproject/properties@5.1.0", "@ethersproject/properties@^5.1.0":
  version "5.1.0"
  resolved "https://registry.yarnpkg.com/@ethersproject/properties/-/properties-5.1.0.tgz#9484bd6def16595fc6e4bdc26f29dff4d3f6ac42"
  integrity sha512-519KKTwgmH42AQL3+GFV3SX6khYEfHsvI6v8HYejlkigSDuqttdgVygFTDsGlofNFchhDwuclrxQnD5B0YLNMg==
  dependencies:
    "@ethersproject/logger" "^5.1.0"

"@ethersproject/providers@5.1.0":
  version "5.1.0"
  resolved "https://registry.yarnpkg.com/@ethersproject/providers/-/providers-5.1.0.tgz#27695a02cfafa370428cde1c7a4abab13afb6a35"
  integrity sha512-FjpZL2lSXrYpQDg2fMjugZ0HjQD9a+2fOOoRhhihh+Z+qi/xZ8vIlPoumrEP1DzIG4DBV6liUqLNqnX2C6FIAA==
  dependencies:
    "@ethersproject/abstract-provider" "^5.1.0"
    "@ethersproject/abstract-signer" "^5.1.0"
    "@ethersproject/address" "^5.1.0"
    "@ethersproject/basex" "^5.1.0"
    "@ethersproject/bignumber" "^5.1.0"
    "@ethersproject/bytes" "^5.1.0"
    "@ethersproject/constants" "^5.1.0"
    "@ethersproject/hash" "^5.1.0"
    "@ethersproject/logger" "^5.1.0"
    "@ethersproject/networks" "^5.1.0"
    "@ethersproject/properties" "^5.1.0"
    "@ethersproject/random" "^5.1.0"
    "@ethersproject/rlp" "^5.1.0"
    "@ethersproject/sha2" "^5.1.0"
    "@ethersproject/strings" "^5.1.0"
    "@ethersproject/transactions" "^5.1.0"
    "@ethersproject/web" "^5.1.0"
    bech32 "1.1.4"
    ws "7.2.3"

"@ethersproject/random@5.1.0", "@ethersproject/random@^5.1.0":
  version "5.1.0"
  resolved "https://registry.yarnpkg.com/@ethersproject/random/-/random-5.1.0.tgz#0bdff2554df03ebc5f75689614f2d58ea0d9a71f"
  integrity sha512-+uuczLQZ4+no9cP6TCoCktXx0u2YbNaRT7lRkSt12d8263e702f0u+4JnnRO8Qmv5nylWJebnqCHzyxP+6mLqw==
  dependencies:
    "@ethersproject/bytes" "^5.1.0"
    "@ethersproject/logger" "^5.1.0"

"@ethersproject/rlp@5.1.0", "@ethersproject/rlp@^5.1.0":
  version "5.1.0"
  resolved "https://registry.yarnpkg.com/@ethersproject/rlp/-/rlp-5.1.0.tgz#700f4f071c27fa298d3c1d637485fefe919dd084"
  integrity sha512-vDTyHIwNPrecy55gKGZ47eJZhBm8LLBxihzi5ou+zrSvYTpkSTWRcKUlXFDFQVwfWB+P5PGyERAdiDEI76clxw==
  dependencies:
    "@ethersproject/bytes" "^5.1.0"
    "@ethersproject/logger" "^5.1.0"

"@ethersproject/sha2@5.1.0", "@ethersproject/sha2@^5.1.0":
  version "5.1.0"
  resolved "https://registry.yarnpkg.com/@ethersproject/sha2/-/sha2-5.1.0.tgz#6ca42d1a26884b3e32ffa943fe6494af7211506c"
  integrity sha512-+fNSeZRstOpdRJpdGUkRONFCaiAqWkc91zXgg76Nlp5ndBQE25Kk5yK8gCPG1aGnCrbariiPr5j9DmrYH78JCA==
  dependencies:
    "@ethersproject/bytes" "^5.1.0"
    "@ethersproject/logger" "^5.1.0"
    hash.js "1.1.3"

"@ethersproject/signing-key@5.1.0", "@ethersproject/signing-key@^5.1.0":
  version "5.1.0"
  resolved "https://registry.yarnpkg.com/@ethersproject/signing-key/-/signing-key-5.1.0.tgz#6eddfbddb6826b597b9650e01acf817bf8991b9c"
  integrity sha512-tE5LFlbmdObG8bY04NpuwPWSRPgEswfxweAI1sH7TbP0ml1elNfqcq7ii/3AvIN05i5U0Pkm3Tf8bramt8MmLw==
  dependencies:
    "@ethersproject/bytes" "^5.1.0"
    "@ethersproject/logger" "^5.1.0"
    "@ethersproject/properties" "^5.1.0"
    bn.js "^4.4.0"
    elliptic "6.5.4"

"@ethersproject/solidity@5.1.0":
  version "5.1.0"
  resolved "https://registry.yarnpkg.com/@ethersproject/solidity/-/solidity-5.1.0.tgz#095a9c75244edccb26c452c155736d363399b954"
  integrity sha512-kPodsGyo9zg1g9XSXp1lGhFaezBAUUsAUB1Vf6OkppE5Wksg4Et+x3kG4m7J/uShDMP2upkJtHNsIBK2XkVpKQ==
  dependencies:
    "@ethersproject/bignumber" "^5.1.0"
    "@ethersproject/bytes" "^5.1.0"
    "@ethersproject/keccak256" "^5.1.0"
    "@ethersproject/sha2" "^5.1.0"
    "@ethersproject/strings" "^5.1.0"

"@ethersproject/strings@5.1.0", "@ethersproject/strings@^5.1.0":
  version "5.1.0"
  resolved "https://registry.yarnpkg.com/@ethersproject/strings/-/strings-5.1.0.tgz#0f95a56c3c8c9d5510a06c241d818779750e2da5"
  integrity sha512-perBZy0RrmmL0ejiFGUOlBVjMsUceqLut3OBP3zP96LhiJWWbS8u1NqQVgN4/Gyrbziuda66DxiQocXhsvx+Sw==
  dependencies:
    "@ethersproject/bytes" "^5.1.0"
    "@ethersproject/constants" "^5.1.0"
    "@ethersproject/logger" "^5.1.0"

"@ethersproject/transactions@5.1.0", "@ethersproject/transactions@^5.1.0":
  version "5.1.0"
  resolved "https://registry.yarnpkg.com/@ethersproject/transactions/-/transactions-5.1.0.tgz#da7fcd7e77e23dcfcca317a945f60bc228c61b36"
  integrity sha512-s10crRLZEA0Bgv6FGEl/AKkTw9f+RVUrlWDX1rHnD4ZncPFeiV2AJr4nT7QSUhxJdFPvjyKRDb3nEH27dIqcPQ==
  dependencies:
    "@ethersproject/address" "^5.1.0"
    "@ethersproject/bignumber" "^5.1.0"
    "@ethersproject/bytes" "^5.1.0"
    "@ethersproject/constants" "^5.1.0"
    "@ethersproject/keccak256" "^5.1.0"
    "@ethersproject/logger" "^5.1.0"
    "@ethersproject/properties" "^5.1.0"
    "@ethersproject/rlp" "^5.1.0"
    "@ethersproject/signing-key" "^5.1.0"

"@ethersproject/units@5.1.0":
  version "5.1.0"
  resolved "https://registry.yarnpkg.com/@ethersproject/units/-/units-5.1.0.tgz#b6ab3430ebc22adc3cb4839516496f167bee3ad5"
  integrity sha512-isvJrx6qG0nKWfxsGORNjmOq/nh175fStfvRTA2xEKrGqx8JNJY83fswu4GkILowfriEM/eYpretfJnfzi7YhA==
  dependencies:
    "@ethersproject/bignumber" "^5.1.0"
    "@ethersproject/constants" "^5.1.0"
    "@ethersproject/logger" "^5.1.0"

"@ethersproject/wallet@5.1.0":
  version "5.1.0"
  resolved "https://registry.yarnpkg.com/@ethersproject/wallet/-/wallet-5.1.0.tgz#134c5816eaeaa586beae9f9ff67891104a2c9a15"
  integrity sha512-ULmUtiYQLTUS+y3DgkLzRhFEK10zMwmjOthnjiZxee3Q/MVwr3rnmuAnXIUZrPjna6hvUPnyRIdW5XuF0Ld0YQ==
  dependencies:
    "@ethersproject/abstract-provider" "^5.1.0"
    "@ethersproject/abstract-signer" "^5.1.0"
    "@ethersproject/address" "^5.1.0"
    "@ethersproject/bignumber" "^5.1.0"
    "@ethersproject/bytes" "^5.1.0"
    "@ethersproject/hash" "^5.1.0"
    "@ethersproject/hdnode" "^5.1.0"
    "@ethersproject/json-wallets" "^5.1.0"
    "@ethersproject/keccak256" "^5.1.0"
    "@ethersproject/logger" "^5.1.0"
    "@ethersproject/properties" "^5.1.0"
    "@ethersproject/random" "^5.1.0"
    "@ethersproject/signing-key" "^5.1.0"
    "@ethersproject/transactions" "^5.1.0"
    "@ethersproject/wordlists" "^5.1.0"

"@ethersproject/web@5.1.0", "@ethersproject/web@^5.1.0":
  version "5.1.0"
  resolved "https://registry.yarnpkg.com/@ethersproject/web/-/web-5.1.0.tgz#ed56bbe4e3d9a8ffe3b2ed882da5c62d3551381b"
  integrity sha512-LTeluWgTq04+RNqAkVhpydPcRZK/kKxD2Vy7PYGrAD27ABO9kTqTBKwiOuzTyAHKUQHfnvZbXmxBXJAGViSDcA==
  dependencies:
    "@ethersproject/base64" "^5.1.0"
    "@ethersproject/bytes" "^5.1.0"
    "@ethersproject/logger" "^5.1.0"
    "@ethersproject/properties" "^5.1.0"
    "@ethersproject/strings" "^5.1.0"

"@ethersproject/wordlists@5.1.0", "@ethersproject/wordlists@^5.1.0":
  version "5.1.0"
  resolved "https://registry.yarnpkg.com/@ethersproject/wordlists/-/wordlists-5.1.0.tgz#54eb9ef3a00babbff90ffe124e19c89e07e6aace"
  integrity sha512-NsUCi/TpBb+oTFvMSccUkJGtp5o/84eOyqp5q5aBeiNBSLkYyw21znRn9mAmxZgySpxgruVgKbaapnYPgvctPQ==
  dependencies:
    "@ethersproject/bytes" "^5.1.0"
    "@ethersproject/hash" "^5.1.0"
    "@ethersproject/logger" "^5.1.0"
    "@ethersproject/properties" "^5.1.0"
    "@ethersproject/strings" "^5.1.0"

aes-js@3.0.0:
  version "3.0.0"
  resolved "https://registry.yarnpkg.com/aes-js/-/aes-js-3.0.0.tgz#e21df10ad6c2053295bcbb8dab40b09dbea87e4d"
  integrity sha1-4h3xCtbCBTKVvLuNq0Cwnb6ofk0=

ansi-regex@^5.0.0:
  version "5.0.0"
  resolved "https://registry.yarnpkg.com/ansi-regex/-/ansi-regex-5.0.0.tgz#388539f55179bf39339c81af30a654d69f87cb75"
  integrity sha512-bY6fj56OUQ0hU1KjFNDQuJFezqKdrAyFdIevADiqrWHwSlbmBNMHp5ak2f40Pm8JTFyM2mqxkG6ngkHO11f/lg==

ansi-styles@^4.0.0:
  version "4.3.0"
  resolved "https://registry.yarnpkg.com/ansi-styles/-/ansi-styles-4.3.0.tgz#edd803628ae71c04c85ae7a0906edad34b648937"
  integrity sha512-zbB9rCJAT1rbjiVDb2hqKFHNYLxgtk8NURxZ3IZwD3F6NtxbXZQCnnSi1Lkx+IDohdPlFp222wVALIheZJQSEg==
  dependencies:
    color-convert "^2.0.1"

bech32@1.1.4:
  version "1.1.4"
  resolved "https://registry.yarnpkg.com/bech32/-/bech32-1.1.4.tgz#e38c9f37bf179b8eb16ae3a772b40c356d4832e9"
  integrity sha512-s0IrSOzLlbvX7yp4WBfPITzpAU8sqQcpsmwXDiKwrG4r491vwCO/XpejasRNl0piBMe/DvP4Tz0mIS/X1DPJBQ==

bn.js@^4.11.9, bn.js@^4.4.0:
  version "4.12.0"
  resolved "https://registry.yarnpkg.com/bn.js/-/bn.js-4.12.0.tgz#775b3f278efbb9718eec7361f483fb36fbbfea88"
  integrity sha512-c98Bf3tPniI+scsdk237ku1Dc3ujXQTSgyiPUDEOe7tRkhrqridvh8klBv0HCEso1OLOYcHuCv/cS6DNxKH+ZA==

brorand@^1.1.0:
  version "1.1.0"
  resolved "https://registry.yarnpkg.com/brorand/-/brorand-1.1.0.tgz#12c25efe40a45e3c323eb8675a0a0ce57b22371f"
  integrity sha1-EsJe/kCkXjwyPrhnWgoM5XsiNx8=

cliui@^7.0.2:
  version "7.0.4"
  resolved "https://registry.yarnpkg.com/cliui/-/cliui-7.0.4.tgz#a0265ee655476fc807aea9df3df8df7783808b4f"
  integrity sha512-OcRE68cOsVMXp1Yvonl/fzkQOyjLSu/8bhPDfQt0e0/Eb283TKP20Fs2MqoPsr9SwA595rRCA+QMzYc9nBP+JQ==
  dependencies:
    string-width "^4.2.0"
    strip-ansi "^6.0.0"
    wrap-ansi "^7.0.0"

color-convert@^2.0.1:
  version "2.0.1"
  resolved "https://registry.yarnpkg.com/color-convert/-/color-convert-2.0.1.tgz#72d3a68d598c9bdb3af2ad1e84f21d896abd4de3"
  integrity sha512-RRECPsj7iu/xb5oKYcsFHSppFNnsj/52OVTRKb4zP5onXwVF3zVmmToNcOfGC+CRDpfK/U584fMg38ZHCaElKQ==
  dependencies:
    color-name "~1.1.4"

color-name@~1.1.4:
  version "1.1.4"
  resolved "https://registry.yarnpkg.com/color-name/-/color-name-1.1.4.tgz#c2a09a87acbde69543de6f63fa3995c826c536a2"
  integrity sha512-dOy+3AuW3a2wNbZHIuMZpTcgjGuLU/uBL/ubcZF9OXbDo8ff4O8yVp5Bf0efS8uEoYo5q4Fx7dY9OgQGXgAsQA==

directory-tree@^2.2.7:
  version "2.2.7"
  resolved "https://registry.yarnpkg.com/directory-tree/-/directory-tree-2.2.7.tgz#4617c794ee89d5618f03fffb7486c7e49df52ad2"
  integrity sha512-fgTad/YdV6Y2njsCRK4fl4ZUlGhmb5xj1qrZUIMjvnrKvghVqh8dkB+OUssjYVvb/Q2L+5+8XG0l5uTGI9/8iQ==

elliptic@6.5.4:
  version "6.5.4"
  resolved "https://registry.yarnpkg.com/elliptic/-/elliptic-6.5.4.tgz#da37cebd31e79a1367e941b592ed1fbebd58abbb"
  integrity sha512-iLhC6ULemrljPZb+QutR5TQGB+pdW6KGD5RSegS+8sorOZT+rdQFbsQFJgvN3eRqNALqJer4oQ16YvJHlU8hzQ==
  dependencies:
    bn.js "^4.11.9"
    brorand "^1.1.0"
    hash.js "^1.0.0"
    hmac-drbg "^1.0.1"
    inherits "^2.0.4"
    minimalistic-assert "^1.0.1"
    minimalistic-crypto-utils "^1.0.1"

emoji-regex@^8.0.0:
  version "8.0.0"
  resolved "https://registry.yarnpkg.com/emoji-regex/-/emoji-regex-8.0.0.tgz#e818fd69ce5ccfcb404594f842963bf53164cc37"
  integrity sha512-MSjYzcWNOA0ewAHpz0MxpYFvwg6yjy1NG3xteoqz644VCo/RPgnr1/GGt+ic3iJTzQ8Eu3TdM14SawnVUmGE6A==

escalade@^3.1.1:
  version "3.1.1"
  resolved "https://registry.yarnpkg.com/escalade/-/escalade-3.1.1.tgz#d8cfdc7000965c5a0174b4a82eaa5c0552742e40"
  integrity sha512-k0er2gUkLf8O0zKJiAhmkTnJlTvINGv7ygDNPbeIsX/TJjGJZHuh9B2UxbsaEkmlEo9MfhrSzmhIlhRlI2GXnw==

ethers@^5.1.0:
  version "5.1.0"
  resolved "https://registry.yarnpkg.com/ethers/-/ethers-5.1.0.tgz#8a8758e0b6cbbc19fd4b87f4d551170fa6f1a995"
  integrity sha512-2L6Ge6wMBw02FlRoCLg4E0Elt3khMNlW6ULawa10mMeeZToYJ5+uCfiuTuB+XZ6om1Y7wuO9ZzezP8FsU2M/+g==
  dependencies:
    "@ethersproject/abi" "5.1.0"
    "@ethersproject/abstract-provider" "5.1.0"
    "@ethersproject/abstract-signer" "5.1.0"
    "@ethersproject/address" "5.1.0"
    "@ethersproject/base64" "5.1.0"
    "@ethersproject/basex" "5.1.0"
    "@ethersproject/bignumber" "5.1.0"
    "@ethersproject/bytes" "5.1.0"
    "@ethersproject/constants" "5.1.0"
    "@ethersproject/contracts" "5.1.0"
    "@ethersproject/hash" "5.1.0"
    "@ethersproject/hdnode" "5.1.0"
    "@ethersproject/json-wallets" "5.1.0"
    "@ethersproject/keccak256" "5.1.0"
    "@ethersproject/logger" "5.1.0"
    "@ethersproject/networks" "5.1.0"
    "@ethersproject/pbkdf2" "5.1.0"
    "@ethersproject/properties" "5.1.0"
    "@ethersproject/providers" "5.1.0"
    "@ethersproject/random" "5.1.0"
    "@ethersproject/rlp" "5.1.0"
    "@ethersproject/sha2" "5.1.0"
    "@ethersproject/signing-key" "5.1.0"
    "@ethersproject/solidity" "5.1.0"
    "@ethersproject/strings" "5.1.0"
    "@ethersproject/transactions" "5.1.0"
    "@ethersproject/units" "5.1.0"
    "@ethersproject/wallet" "5.1.0"
    "@ethersproject/web" "5.1.0"
    "@ethersproject/wordlists" "5.1.0"

get-caller-file@^2.0.5:
  version "2.0.5"
  resolved "https://registry.yarnpkg.com/get-caller-file/-/get-caller-file-2.0.5.tgz#4f94412a82db32f36e3b0b9741f8a97feb031f7e"
  integrity sha512-DyFP3BM/3YHTQOCUL/w0OZHR0lpKeGrxotcHWcqNEdnltqFwXVfhEBQ94eIo34AfQpo0rGki4cyIiftY06h2Fg==

hash.js@1.1.3:
  version "1.1.3"
  resolved "https://registry.yarnpkg.com/hash.js/-/hash.js-1.1.3.tgz#340dedbe6290187151c1ea1d777a3448935df846"
  integrity sha512-/UETyP0W22QILqS+6HowevwhEFJ3MBJnwTf75Qob9Wz9t0DPuisL8kW8YZMK62dHAKE1c1p+gY1TtOLY+USEHA==
  dependencies:
    inherits "^2.0.3"
    minimalistic-assert "^1.0.0"

hash.js@^1.0.0, hash.js@^1.0.3:
  version "1.1.7"
  resolved "https://registry.yarnpkg.com/hash.js/-/hash.js-1.1.7.tgz#0babca538e8d4ee4a0f8988d68866537a003cf42"
  integrity sha512-taOaskGt4z4SOANNseOviYDvjEJinIkRgmp7LbKP2YTTmVxWBl87s/uzK9r+44BclBSp2X7K1hqeNfz9JbBeXA==
  dependencies:
    inherits "^2.0.3"
    minimalistic-assert "^1.0.1"

hmac-drbg@^1.0.1:
  version "1.0.1"
  resolved "https://registry.yarnpkg.com/hmac-drbg/-/hmac-drbg-1.0.1.tgz#d2745701025a6c775a6c545793ed502fc0c649a1"
  integrity sha1-0nRXAQJabHdabFRXk+1QL8DGSaE=
  dependencies:
    hash.js "^1.0.3"
    minimalistic-assert "^1.0.0"
    minimalistic-crypto-utils "^1.0.1"

inherits@^2.0.3, inherits@^2.0.4:
  version "2.0.4"
  resolved "https://registry.yarnpkg.com/inherits/-/inherits-2.0.4.tgz#0fa2c64f932917c3433a0ded55363aae37416b7c"
  integrity sha512-k/vGaX4/Yla3WzyMCvTQOXYeIHvqOKtnqBduzTHpzpQZzAskKMhZ2K+EnBiSM9zGSoIFeMpXKxa4dYeZIQqewQ==

is-fullwidth-code-point@^3.0.0:
  version "3.0.0"
  resolved "https://registry.yarnpkg.com/is-fullwidth-code-point/-/is-fullwidth-code-point-3.0.0.tgz#f116f8064fe90b3f7844a38997c0b75051269f1d"
  integrity sha512-zymm5+u+sCsSWyD9qNaejV3DFvhCKclKdizYaJUuHA83RLjb7nSuGnddCHGv0hk+KY7BMAlsWeK4Ueg6EV6XQg==

js-sha3@0.5.7:
  version "0.5.7"
  resolved "https://registry.yarnpkg.com/js-sha3/-/js-sha3-0.5.7.tgz#0d4ffd8002d5333aabaf4a23eed2f6374c9f28e7"
  integrity sha1-DU/9gALVMzqrr0oj7tL2N0yfKOc=

minimalistic-assert@^1.0.0, minimalistic-assert@^1.0.1:
  version "1.0.1"
  resolved "https://registry.yarnpkg.com/minimalistic-assert/-/minimalistic-assert-1.0.1.tgz#2e194de044626d4a10e7f7fbc00ce73e83e4d5c7"
  integrity sha512-UtJcAD4yEaGtjPezWuO9wC4nwUnVH/8/Im3yEHQP4b67cXlD/Qr9hdITCU1xDbSEXg2XKNaP8jsReV7vQd00/A==

minimalistic-crypto-utils@^1.0.1:
  version "1.0.1"
  resolved "https://registry.yarnpkg.com/minimalistic-crypto-utils/-/minimalistic-crypto-utils-1.0.1.tgz#f6c00c1c0b082246e5c4d99dfb8c7c083b2b582a"
  integrity sha1-9sAMHAsIIkblxNmd+4x8CDsrWCo=

require-directory@^2.1.1:
  version "2.1.1"
  resolved "https://registry.yarnpkg.com/require-directory/-/require-directory-2.1.1.tgz#8c64ad5fd30dab1c976e2344ffe7f792a6a6df42"
  integrity sha1-jGStX9MNqxyXbiNE/+f3kqam30I=

scrypt-js@3.0.1:
  version "3.0.1"
  resolved "https://registry.yarnpkg.com/scrypt-js/-/scrypt-js-3.0.1.tgz#d314a57c2aef69d1ad98a138a21fe9eafa9ee312"
  integrity sha512-cdwTTnqPu0Hyvf5in5asVdZocVDTNRmR7XEcJuIzMjJeSHybHl7vpB66AzwTaIg6CLSbtjcxc8fqcySfnTkccA==

string-width@^4.1.0, string-width@^4.2.0:
  version "4.2.2"
  resolved "https://registry.yarnpkg.com/string-width/-/string-width-4.2.2.tgz#dafd4f9559a7585cfba529c6a0a4f73488ebd4c5"
  integrity sha512-XBJbT3N4JhVumXE0eoLU9DCjcaF92KLNqTmFCnG1pf8duUxFGwtP6AD6nkjw9a3IdiRtL3E2w3JDiE/xi3vOeA==
  dependencies:
    emoji-regex "^8.0.0"
    is-fullwidth-code-point "^3.0.0"
    strip-ansi "^6.0.0"

strip-ansi@^6.0.0:
  version "6.0.0"
  resolved "https://registry.yarnpkg.com/strip-ansi/-/strip-ansi-6.0.0.tgz#0b1571dd7669ccd4f3e06e14ef1eed26225ae532"
  integrity sha512-AuvKTrTfQNYNIctbR1K/YGTR1756GycPsg7b9bdV9Duqur4gv6aKqHXah67Z8ImS7WEz5QVcOtlfW2rZEugt6w==
  dependencies:
    ansi-regex "^5.0.0"

wrap-ansi@^7.0.0:
  version "7.0.0"
  resolved "https://registry.yarnpkg.com/wrap-ansi/-/wrap-ansi-7.0.0.tgz#67e145cff510a6a6984bdf1152911d69d2eb9e43"
  integrity sha512-YVGIj2kamLSTxw6NsZjoBxfSwsn0ycdesmc4p+Q21c5zPuZ1pl+NfxVdxPtdHvmNVOQ6XSYG4AUtyt/Fi7D16Q==
  dependencies:
    ansi-styles "^4.0.0"
    string-width "^4.1.0"
    strip-ansi "^6.0.0"

ws@7.2.3:
  version "7.2.3"
  resolved "https://registry.yarnpkg.com/ws/-/ws-7.2.3.tgz#a5411e1fb04d5ed0efee76d26d5c46d830c39b46"
  integrity sha512-HTDl9G9hbkNDk98naoR/cHDws7+EyYMOdL1BmjsZXRUjf7d+MficC4B7HLUPlSiho0vg+CWKrGIt/VJBd1xunQ==

y18n@^5.0.5:
  version "5.0.6"
  resolved "https://registry.yarnpkg.com/y18n/-/y18n-5.0.6.tgz#8236b05cfc5af6a409f41326a4847c68989bb04f"
  integrity sha512-PlVX4Y0lDTN6E2V4ES2tEdyvXkeKzxa8c/vo0pxPr/TqbztddTP0yn7zZylIyiAuxerqj0Q5GhpJ1YJCP8LaZQ==

yargs-parser@^20.2.2:
  version "20.2.7"
  resolved "https://registry.yarnpkg.com/yargs-parser/-/yargs-parser-20.2.7.tgz#61df85c113edfb5a7a4e36eb8aa60ef423cbc90a"
  integrity sha512-FiNkvbeHzB/syOjIUxFDCnhSfzAL8R5vs40MgLFBorXACCOAEaWu0gRZl14vG8MR9AOJIZbmkjhusqBYZ3HTHw==

yargs@^16.2.0:
  version "16.2.0"
  resolved "https://registry.yarnpkg.com/yargs/-/yargs-16.2.0.tgz#1c82bf0f6b6a66eafce7ef30e376f49a12477f66"
  integrity sha512-D1mvvtDG0L5ft/jGWkLpG1+m0eQxOfaBvTNELraWj22wSVUMWxZUvYgJYcKh6jGGIkJFhH4IZPQhR4TKpc8mBw==
  dependencies:
    cliui "^7.0.2"
    escalade "^3.1.1"
    get-caller-file "^2.0.5"
    require-directory "^2.1.1"
    string-width "^4.2.0"
    y18n "^5.0.5"
    yargs-parser "^20.2.2"
